// !$*UTF8*$!
{
	archiveVersion = 1;
	classes = {
	};
	objectVersion = 50;
	objects = {

/* Begin PBXBuildFile section */
		05005A432136188D00B1BB1B /* BytePush.framework in Frameworks */ = {isa = PBXBuildFile; fileRef = 05005A392136188D00B1BB1B /* BytePush.framework */; };
		05005A482136188D00B1BB1B /* BytePushTests.swift in Sources */ = {isa = PBXBuildFile; fileRef = 05005A472136188D00B1BB1B /* BytePushTests.swift */; };
		05005A4A2136188E00B1BB1B /* BytePush.h in Headers */ = {isa = PBXBuildFile; fileRef = 05005A3C2136188D00B1BB1B /* BytePush.h */; settings = {ATTRIBUTES = (Public, ); }; };
		05005A5621361A8B00B1BB1B /* BytePushPost.swift in Sources */ = {isa = PBXBuildFile; fileRef = 05005A5521361A8B00B1BB1B /* BytePushPost.swift */; };
		05005A58213625C500B1BB1B /* BytePushUser.swift in Sources */ = {isa = PBXBuildFile; fileRef = 05005A57213625C500B1BB1B /* BytePushUser.swift */; };
		0552FDE72136562100A61CC5 /* BytePushCategory.swift in Sources */ = {isa = PBXBuildFile; fileRef = 0552FDE62136562100A61CC5 /* BytePushCategory.swift */; };
		0552FDE921365CF200A61CC5 /* BytePushTag.swift in Sources */ = {isa = PBXBuildFile; fileRef = 0552FDE821365CF200A61CC5 /* BytePushTag.swift */; };
		0552FDEB21365E2C00A61CC5 /* BytePushPage.swift in Sources */ = {isa = PBXBuildFile; fileRef = 0552FDEA21365E2C00A61CC5 /* BytePushPage.swift */; };
		0552FDEF2136610D00A61CC5 /* BytePushComment.swift in Sources */ = {isa = PBXBuildFile; fileRef = 0552FDEE2136610D00A61CC5 /* BytePushComment.swift */; };
		0552FDF12136644100A61CC5 /* BytePushMedia.swift in Sources */ = {isa = PBXBuildFile; fileRef = 0552FDF02136644100A61CC5 /* BytePushMedia.swift */; };
		0552FDF3213666FA00A61CC5 /* BytePushCommonDataTypes.swift in Sources */ = {isa = PBXBuildFile; fileRef = 0552FDF2213666FA00A61CC5 /* BytePushCommonDataTypes.swift */; };
		055BA33D213DF9F700D71598 /* WordPressURL.swift in Sources */ = {isa = PBXBuildFile; fileRef = 055BA33C213DF9F700D71598 /* WordPressURL.swift */; };
		055BA343213DFE9400D71598 /* BytePushUtilities.swift in Sources */ = {isa = PBXBuildFile; fileRef = 055BA342213DFE9400D71598 /* BytePushUtilities.swift */; };
		05A84C57213B4DC500A20C94 /* BytePushPostQuery.swift in Sources */ = {isa = PBXBuildFile; fileRef = 05A84C56213B4DC500A20C94 /* BytePushPostQuery.swift */; };
		05A84C59213B5AA000A20C94 /* WordPressQuery.swift in Sources */ = {isa = PBXBuildFile; fileRef = 05A84C58213B5AA000A20C94 /* WordPressQuery.swift */; };
		05A84C5B213B67F600A20C94 /* BytePushCategoryQuery.swift in Sources */ = {isa = PBXBuildFile; fileRef = 05A84C5A213B67F600A20C94 /* BytePushCategoryQuery.swift */; };
		05A84C5D213B6B7600A20C94 /* BytePushTagQuery.swift in Sources */ = {isa = PBXBuildFile; fileRef = 05A84C5C213B6B7600A20C94 /* BytePushTagQuery.swift */; };
		05A84C5F213B6F0800A20C94 /* BytePushPageQuery.swift in Sources */ = {isa = PBXBuildFile; fileRef = 05A84C5E213B6F0800A20C94 /* BytePushPageQuery.swift */; };
		05A84C61213B70E900A20C94 /* BytePushCommentQuery.swift in Sources */ = {isa = PBXBuildFile; fileRef = 05A84C60213B70E900A20C94 /* BytePushCommentQuery.swift */; };
		05A84C63213B742B00A20C94 /* BytePushMediaQuery.swift in Sources */ = {isa = PBXBuildFile; fileRef = 05A84C62213B742B00A20C94 /* BytePushMediaQuery.swift */; };
		05A84C65213B774700A20C94 /* BytePushUserQuery.swift in Sources */ = {isa = PBXBuildFile; fileRef = 05A84C64213B774700A20C94 /* BytePushUserQuery.swift */; };
		05AD24642140AC16007F408B /* BytePushPostRevision.swift in Sources */ = {isa = PBXBuildFile; fileRef = 05AD24632140AC16007F408B /* BytePushPostRevision.swift */; };
		05AD24662140AE6F007F408B /* BytePushPostStatus.swift in Sources */ = {isa = PBXBuildFile; fileRef = 05AD24652140AE6F007F408B /* BytePushPostStatus.swift */; };
		05AD24682140B020007F408B /* BytePushPostStatusQuery.swift in Sources */ = {isa = PBXBuildFile; fileRef = 05AD24672140B020007F408B /* BytePushPostStatusQuery.swift */; };
/* End PBXBuildFile section */

/* Begin PBXContainerItemProxy section */
		05005A442136188D00B1BB1B /* PBXContainerItemProxy */ = {
			isa = PBXContainerItemProxy;
			containerPortal = 05005A302136188D00B1BB1B /* Project object */;
			proxyType = 1;
			remoteGlobalIDString = 05005A382136188D00B1BB1B;
			remoteInfo = BytePush;
		};
/* End PBXContainerItemProxy section */

/* Begin PBXFileReference section */
		05005A392136188D00B1BB1B /* BytePush.framework */ = {isa = PBXFileReference; explicitFileType = wrapper.framework; includeInIndex = 0; path = BytePush.framework; sourceTree = BUILT_PRODUCTS_DIR; };
		05005A3C2136188D00B1BB1B /* BytePush.h */ = {isa = PBXFileReference; lastKnownFileType = sourcecode.c.h; path = BytePush.h; sourceTree = "<group>"; };
		05005A3D2136188D00B1BB1B /* Info.plist */ = {isa = PBXFileReference; lastKnownFileType = text.plist.xml; path = Info.plist; sourceTree = "<group>"; };
		05005A422136188D00B1BB1B /* BytePushTests.xctest */ = {isa = PBXFileReference; explicitFileType = wrapper.cfbundle; includeInIndex = 0; path = BytePushTests.xctest; sourceTree = BUILT_PRODUCTS_DIR; };
		05005A472136188D00B1BB1B /* BytePushTests.swift */ = {isa = PBXFileReference; lastKnownFileType = sourcecode.swift; path = BytePushTests.swift; sourceTree = "<group>"; };
		05005A492136188E00B1BB1B /* Info.plist */ = {isa = PBXFileReference; lastKnownFileType = text.plist.xml; path = Info.plist; sourceTree = "<group>"; };
		05005A5521361A8B00B1BB1B /* BytePushPost.swift */ = {isa = PBXFileReference; lastKnownFileType = sourcecode.swift; path = BytePushPost.swift; sourceTree = "<group>"; };
		05005A57213625C500B1BB1B /* BytePushUser.swift */ = {isa = PBXFileReference; lastKnownFileType = sourcecode.swift; path = BytePushUser.swift; sourceTree = "<group>"; };
		0552FDE62136562100A61CC5 /* BytePushCategory.swift */ = {isa = PBXFileReference; lastKnownFileType = sourcecode.swift; path = BytePushCategory.swift; sourceTree = "<group>"; };
		0552FDE821365CF200A61CC5 /* BytePushTag.swift */ = {isa = PBXFileReference; lastKnownFileType = sourcecode.swift; path = BytePushTag.swift; sourceTree = "<group>"; };
		0552FDEA21365E2C00A61CC5 /* BytePushPage.swift */ = {isa = PBXFileReference; lastKnownFileType = sourcecode.swift; path = BytePushPage.swift; sourceTree = "<group>"; };
		0552FDEE2136610D00A61CC5 /* BytePushComment.swift */ = {isa = PBXFileReference; lastKnownFileType = sourcecode.swift; path = BytePushComment.swift; sourceTree = "<group>"; };
		0552FDF02136644100A61CC5 /* BytePushMedia.swift */ = {isa = PBXFileReference; lastKnownFileType = sourcecode.swift; path = BytePushMedia.swift; sourceTree = "<group>"; };
		0552FDF2213666FA00A61CC5 /* BytePushCommonDataTypes.swift */ = {isa = PBXFileReference; lastKnownFileType = sourcecode.swift; path = BytePushCommonDataTypes.swift; sourceTree = "<group>"; };
		055BA33C213DF9F700D71598 /* WordPressURL.swift */ = {isa = PBXFileReference; lastKnownFileType = sourcecode.swift; path = WordPressURL.swift; sourceTree = "<group>"; };
		055BA342213DFE9400D71598 /* BytePushUtilities.swift */ = {isa = PBXFileReference; lastKnownFileType = sourcecode.swift; path = BytePushUtilities.swift; sourceTree = "<group>"; };
		05A84C56213B4DC500A20C94 /* BytePushPostQuery.swift */ = {isa = PBXFileReference; fileEncoding = 4; lastKnownFileType = sourcecode.swift; path = BytePushPostQuery.swift; sourceTree = "<group>"; };
		05A84C58213B5AA000A20C94 /* WordPressQuery.swift */ = {isa = PBXFileReference; lastKnownFileType = sourcecode.swift; path = WordPressQuery.swift; sourceTree = "<group>"; };
		05A84C5A213B67F600A20C94 /* BytePushCategoryQuery.swift */ = {isa = PBXFileReference; lastKnownFileType = sourcecode.swift; path = BytePushCategoryQuery.swift; sourceTree = "<group>"; };
		05A84C5C213B6B7600A20C94 /* BytePushTagQuery.swift */ = {isa = PBXFileReference; lastKnownFileType = sourcecode.swift; path = BytePushTagQuery.swift; sourceTree = "<group>"; };
		05A84C5E213B6F0800A20C94 /* BytePushPageQuery.swift */ = {isa = PBXFileReference; lastKnownFileType = sourcecode.swift; path = BytePushPageQuery.swift; sourceTree = "<group>"; };
		05A84C60213B70E900A20C94 /* BytePushCommentQuery.swift */ = {isa = PBXFileReference; lastKnownFileType = sourcecode.swift; path = BytePushCommentQuery.swift; sourceTree = "<group>"; };
		05A84C62213B742B00A20C94 /* BytePushMediaQuery.swift */ = {isa = PBXFileReference; lastKnownFileType = sourcecode.swift; path = BytePushMediaQuery.swift; sourceTree = "<group>"; };
		05A84C64213B774700A20C94 /* BytePushUserQuery.swift */ = {isa = PBXFileReference; lastKnownFileType = sourcecode.swift; path = BytePushUserQuery.swift; sourceTree = "<group>"; };
		05AD24632140AC16007F408B /* BytePushPostRevision.swift */ = {isa = PBXFileReference; lastKnownFileType = sourcecode.swift; name = BytePushPostRevision.swift; path = BytePush/DataTypes/BytePushPostRevision.swift; sourceTree = SOURCE_ROOT; };
		05AD24652140AE6F007F408B /* BytePushPostStatus.swift */ = {isa = PBXFileReference; lastKnownFileType = sourcecode.swift; path = BytePushPostStatus.swift; sourceTree = "<group>"; };
		05AD24672140B020007F408B /* BytePushPostStatusQuery.swift */ = {isa = PBXFileReference; lastKnownFileType = sourcecode.swift; path = BytePushPostStatusQuery.swift; sourceTree = "<group>"; };
/* End PBXFileReference section */

/* Begin PBXFrameworksBuildPhase section */
		05005A352136188D00B1BB1B /* Frameworks */ = {
			isa = PBXFrameworksBuildPhase;
			buildActionMask = 2147483647;
			files = (
			);
			runOnlyForDeploymentPostprocessing = 0;
		};
		05005A3F2136188D00B1BB1B /* Frameworks */ = {
			isa = PBXFrameworksBuildPhase;
			buildActionMask = 2147483647;
			files = (
				05005A432136188D00B1BB1B /* BytePush.framework in Frameworks */,
			);
			runOnlyForDeploymentPostprocessing = 0;
		};
/* End PBXFrameworksBuildPhase section */

/* Begin PBXGroup section */
		05005A2F2136188D00B1BB1B = {
			isa = PBXGroup;
			children = (
				05005A3B2136188D00B1BB1B /* BytePush */,
				05005A462136188D00B1BB1B /* BytePushTests */,
				05005A3A2136188D00B1BB1B /* Products */,
			);
			sourceTree = "<group>";
		};
		05005A3A2136188D00B1BB1B /* Products */ = {
			isa = PBXGroup;
			children = (
				05005A392136188D00B1BB1B /* BytePush.framework */,
				05005A422136188D00B1BB1B /* BytePushTests.xctest */,
			);
			name = Products;
			sourceTree = "<group>";
		};
		05005A3B2136188D00B1BB1B /* BytePush */ = {
			isa = PBXGroup;
			children = (
				05A84C51213B470100A20C94 /* QueryTypes */,
				0552FDF421366D2D00A61CC5 /* DataTypes */,
				05005A3C2136188D00B1BB1B /* BytePush.h */,
				055BA33C213DF9F700D71598 /* WordPressURL.swift */,
				055BA342213DFE9400D71598 /* BytePushUtilities.swift */,
				05005A3D2136188D00B1BB1B /* Info.plist */,
			);
			path = BytePush;
			sourceTree = "<group>";
		};
		05005A462136188D00B1BB1B /* BytePushTests */ = {
			isa = PBXGroup;
			children = (
				05005A472136188D00B1BB1B /* BytePushTests.swift */,
				05005A492136188E00B1BB1B /* Info.plist */,
			);
			path = BytePushTests;
			sourceTree = "<group>";
		};
		0552FDF421366D2D00A61CC5 /* DataTypes */ = {
			isa = PBXGroup;
			children = (
				0552FDF2213666FA00A61CC5 /* BytePushCommonDataTypes.swift */,
				05005A57213625C500B1BB1B /* BytePushUser.swift */,
				0552FDE62136562100A61CC5 /* BytePushCategory.swift */,
				0552FDE821365CF200A61CC5 /* BytePushTag.swift */,
				0552FDEA21365E2C00A61CC5 /* BytePushPage.swift */,
				05005A5521361A8B00B1BB1B /* BytePushPost.swift */,
				0552FDEE2136610D00A61CC5 /* BytePushComment.swift */,
				0552FDF02136644100A61CC5 /* BytePushMedia.swift */,
				05AD24632140AC16007F408B /* BytePushPostRevision.swift */,
				05AD24652140AE6F007F408B /* BytePushPostStatus.swift */,
			);
			path = DataTypes;
			sourceTree = "<group>";
		};
		05A84C51213B470100A20C94 /* QueryTypes */ = {
			isa = PBXGroup;
			children = (
				05A84C58213B5AA000A20C94 /* WordPressQuery.swift */,
				05A84C56213B4DC500A20C94 /* BytePushPostQuery.swift */,
				05A84C60213B70E900A20C94 /* BytePushCommentQuery.swift */,
				05A84C62213B742B00A20C94 /* BytePushMediaQuery.swift */,
				05A84C64213B774700A20C94 /* BytePushUserQuery.swift */,
				05A84C5A213B67F600A20C94 /* BytePushCategoryQuery.swift */,
				05A84C5C213B6B7600A20C94 /* BytePushTagQuery.swift */,
				05A84C5E213B6F0800A20C94 /* BytePushPageQuery.swift */,
				05AD24672140B020007F408B /* BytePushPostStatusQuery.swift */,
			);
			path = QueryTypes;
			sourceTree = "<group>";
		};
/* End PBXGroup section */

/* Begin PBXHeadersBuildPhase section */
		05005A362136188D00B1BB1B /* Headers */ = {
			isa = PBXHeadersBuildPhase;
			buildActionMask = 2147483647;
			files = (
				05005A4A2136188E00B1BB1B /* BytePush.h in Headers */,
			);
			runOnlyForDeploymentPostprocessing = 0;
		};
/* End PBXHeadersBuildPhase section */

/* Begin PBXNativeTarget section */
		05005A382136188D00B1BB1B /* BytePush */ = {
			isa = PBXNativeTarget;
			buildConfigurationList = 05005A4D2136188E00B1BB1B /* Build configuration list for PBXNativeTarget "BytePush" */;
			buildPhases = (
				05005A342136188D00B1BB1B /* Sources */,
				05005A352136188D00B1BB1B /* Frameworks */,
				05005A362136188D00B1BB1B /* Headers */,
				05005A372136188D00B1BB1B /* Resources */,
			);
			buildRules = (
			);
			dependencies = (
			);
			name = BytePush;
			productName = BytePush;
			productReference = 05005A392136188D00B1BB1B /* BytePush.framework */;
			productType = "com.apple.product-type.framework";
		};
		05005A412136188D00B1BB1B /* BytePushTests */ = {
			isa = PBXNativeTarget;
			buildConfigurationList = 05005A502136188E00B1BB1B /* Build configuration list for PBXNativeTarget "BytePushTests" */;
			buildPhases = (
				05005A3E2136188D00B1BB1B /* Sources */,
				05005A3F2136188D00B1BB1B /* Frameworks */,
				05005A402136188D00B1BB1B /* Resources */,
			);
			buildRules = (
			);
			dependencies = (
				05005A452136188D00B1BB1B /* PBXTargetDependency */,
			);
			name = BytePushTests;
			productName = BytePushTests;
			productReference = 05005A422136188D00B1BB1B /* BytePushTests.xctest */;
			productType = "com.apple.product-type.bundle.unit-test";
		};
/* End PBXNativeTarget section */

/* Begin PBXProject section */
		05005A302136188D00B1BB1B /* Project object */ = {
			isa = PBXProject;
			attributes = {
				LastSwiftUpdateCheck = 0940;
				LastUpgradeCheck = 0940;
				ORGANIZATIONNAME = "Jonathan Monreal";
				TargetAttributes = {
					05005A382136188D00B1BB1B = {
						CreatedOnToolsVersion = 9.4.1;
						LastSwiftMigration = 0940;
					};
					05005A412136188D00B1BB1B = {
						CreatedOnToolsVersion = 9.4.1;
					};
				};
			};
			buildConfigurationList = 05005A332136188D00B1BB1B /* Build configuration list for PBXProject "BytePush" */;
			compatibilityVersion = "Xcode 9.3";
			developmentRegion = en;
			hasScannedForEncodings = 0;
			knownRegions = (
				en,
			);
			mainGroup = 05005A2F2136188D00B1BB1B;
			productRefGroup = 05005A3A2136188D00B1BB1B /* Products */;
			projectDirPath = "";
			projectRoot = "";
			targets = (
				05005A382136188D00B1BB1B /* BytePush */,
				05005A412136188D00B1BB1B /* BytePushTests */,
			);
		};
/* End PBXProject section */

/* Begin PBXResourcesBuildPhase section */
		05005A372136188D00B1BB1B /* Resources */ = {
			isa = PBXResourcesBuildPhase;
			buildActionMask = 2147483647;
			files = (
			);
			runOnlyForDeploymentPostprocessing = 0;
		};
		05005A402136188D00B1BB1B /* Resources */ = {
			isa = PBXResourcesBuildPhase;
			buildActionMask = 2147483647;
			files = (
			);
			runOnlyForDeploymentPostprocessing = 0;
		};
/* End PBXResourcesBuildPhase section */

/* Begin PBXSourcesBuildPhase section */
		05005A342136188D00B1BB1B /* Sources */ = {
			isa = PBXSourcesBuildPhase;
			buildActionMask = 2147483647;
			files = (
				055BA33D213DF9F700D71598 /* WordPressURL.swift in Sources */,
				05A84C65213B774700A20C94 /* BytePushUserQuery.swift in Sources */,
				05A84C5D213B6B7600A20C94 /* BytePushTagQuery.swift in Sources */,
				05A84C61213B70E900A20C94 /* BytePushCommentQuery.swift in Sources */,
				05005A5621361A8B00B1BB1B /* BytePushPost.swift in Sources */,
				05AD24662140AE6F007F408B /* BytePushPostStatus.swift in Sources */,
				05A84C5F213B6F0800A20C94 /* BytePushPageQuery.swift in Sources */,
				0552FDF12136644100A61CC5 /* BytePushMedia.swift in Sources */,
				0552FDE921365CF200A61CC5 /* BytePushTag.swift in Sources */,
				0552FDF3213666FA00A61CC5 /* BytePushCommonDataTypes.swift in Sources */,
				05005A58213625C500B1BB1B /* BytePushUser.swift in Sources */,
				05A84C5B213B67F600A20C94 /* BytePushCategoryQuery.swift in Sources */,
				0552FDEB21365E2C00A61CC5 /* BytePushPage.swift in Sources */,
				055BA343213DFE9400D71598 /* BytePushUtilities.swift in Sources */,
				05A84C57213B4DC500A20C94 /* BytePushPostQuery.swift in Sources */,
				05A84C63213B742B00A20C94 /* BytePushMediaQuery.swift in Sources */,
				0552FDEF2136610D00A61CC5 /* BytePushComment.swift in Sources */,
				05A84C59213B5AA000A20C94 /* WordPressQuery.swift in Sources */,
				05AD24682140B020007F408B /* BytePushPostStatusQuery.swift in Sources */,
				05AD24642140AC16007F408B /* BytePushPostRevision.swift in Sources */,
				0552FDE72136562100A61CC5 /* BytePushCategory.swift in Sources */,
			);
			runOnlyForDeploymentPostprocessing = 0;
		};
		05005A3E2136188D00B1BB1B /* Sources */ = {
			isa = PBXSourcesBuildPhase;
			buildActionMask = 2147483647;
			files = (
				05005A482136188D00B1BB1B /* BytePushTests.swift in Sources */,
			);
			runOnlyForDeploymentPostprocessing = 0;
		};
/* End PBXSourcesBuildPhase section */

/* Begin PBXTargetDependency section */
		05005A452136188D00B1BB1B /* PBXTargetDependency */ = {
			isa = PBXTargetDependency;
			target = 05005A382136188D00B1BB1B /* BytePush */;
			targetProxy = 05005A442136188D00B1BB1B /* PBXContainerItemProxy */;
		};
/* End PBXTargetDependency section */

/* Begin XCBuildConfiguration section */
		05005A4B2136188E00B1BB1B /* Debug */ = {
			isa = XCBuildConfiguration;
			buildSettings = {
				ALWAYS_SEARCH_USER_PATHS = NO;
				CLANG_ANALYZER_NONNULL = YES;
				CLANG_ANALYZER_NUMBER_OBJECT_CONVERSION = YES_AGGRESSIVE;
				CLANG_CXX_LANGUAGE_STANDARD = "gnu++14";
				CLANG_CXX_LIBRARY = "libc++";
				CLANG_ENABLE_MODULES = YES;
				CLANG_ENABLE_OBJC_ARC = YES;
				CLANG_ENABLE_OBJC_WEAK = YES;
				CLANG_WARN_BLOCK_CAPTURE_AUTORELEASING = YES;
				CLANG_WARN_BOOL_CONVERSION = YES;
				CLANG_WARN_COMMA = YES;
				CLANG_WARN_CONSTANT_CONVERSION = YES;
				CLANG_WARN_DEPRECATED_OBJC_IMPLEMENTATIONS = YES;
				CLANG_WARN_DIRECT_OBJC_ISA_USAGE = YES_ERROR;
				CLANG_WARN_DOCUMENTATION_COMMENTS = YES;
				CLANG_WARN_EMPTY_BODY = YES;
				CLANG_WARN_ENUM_CONVERSION = YES;
				CLANG_WARN_INFINITE_RECURSION = YES;
				CLANG_WARN_INT_CONVERSION = YES;
				CLANG_WARN_NON_LITERAL_NULL_CONVERSION = YES;
				CLANG_WARN_OBJC_IMPLICIT_RETAIN_SELF = YES;
				CLANG_WARN_OBJC_LITERAL_CONVERSION = YES;
				CLANG_WARN_OBJC_ROOT_CLASS = YES_ERROR;
				CLANG_WARN_RANGE_LOOP_ANALYSIS = YES;
				CLANG_WARN_STRICT_PROTOTYPES = YES;
				CLANG_WARN_SUSPICIOUS_MOVE = YES;
				CLANG_WARN_UNGUARDED_AVAILABILITY = YES_AGGRESSIVE;
				CLANG_WARN_UNREACHABLE_CODE = YES;
				CLANG_WARN__DUPLICATE_METHOD_MATCH = YES;
				CODE_SIGN_IDENTITY = "iPhone Developer";
				COPY_PHASE_STRIP = NO;
				CURRENT_PROJECT_VERSION = 1;
				DEBUG_INFORMATION_FORMAT = dwarf;
				ENABLE_STRICT_OBJC_MSGSEND = YES;
				ENABLE_TESTABILITY = YES;
				GCC_C_LANGUAGE_STANDARD = gnu11;
				GCC_DYNAMIC_NO_PIC = NO;
				GCC_NO_COMMON_BLOCKS = YES;
				GCC_OPTIMIZATION_LEVEL = 0;
				GCC_PREPROCESSOR_DEFINITIONS = (
					"DEBUG=1",
					"$(inherited)",
				);
				GCC_WARN_64_TO_32_BIT_CONVERSION = YES;
				GCC_WARN_ABOUT_RETURN_TYPE = YES_ERROR;
				GCC_WARN_UNDECLARED_SELECTOR = YES;
				GCC_WARN_UNINITIALIZED_AUTOS = YES_AGGRESSIVE;
				GCC_WARN_UNUSED_FUNCTION = YES;
				GCC_WARN_UNUSED_VARIABLE = YES;
				IPHONEOS_DEPLOYMENT_TARGET = 11.4;
				MTL_ENABLE_DEBUG_INFO = YES;
				ONLY_ACTIVE_ARCH = YES;
				SDKROOT = iphoneos;
				SWIFT_ACTIVE_COMPILATION_CONDITIONS = DEBUG;
				SWIFT_OPTIMIZATION_LEVEL = "-Onone";
				VERSIONING_SYSTEM = "apple-generic";
				VERSION_INFO_PREFIX = "";
			};
			name = Debug;
		};
		05005A4C2136188E00B1BB1B /* Release */ = {
			isa = XCBuildConfiguration;
			buildSettings = {
				ALWAYS_SEARCH_USER_PATHS = NO;
				CLANG_ANALYZER_NONNULL = YES;
				CLANG_ANALYZER_NUMBER_OBJECT_CONVERSION = YES_AGGRESSIVE;
				CLANG_CXX_LANGUAGE_STANDARD = "gnu++14";
				CLANG_CXX_LIBRARY = "libc++";
				CLANG_ENABLE_MODULES = YES;
				CLANG_ENABLE_OBJC_ARC = YES;
				CLANG_ENABLE_OBJC_WEAK = YES;
				CLANG_WARN_BLOCK_CAPTURE_AUTORELEASING = YES;
				CLANG_WARN_BOOL_CONVERSION = YES;
				CLANG_WARN_COMMA = YES;
				CLANG_WARN_CONSTANT_CONVERSION = YES;
				CLANG_WARN_DEPRECATED_OBJC_IMPLEMENTATIONS = YES;
				CLANG_WARN_DIRECT_OBJC_ISA_USAGE = YES_ERROR;
				CLANG_WARN_DOCUMENTATION_COMMENTS = YES;
				CLANG_WARN_EMPTY_BODY = YES;
				CLANG_WARN_ENUM_CONVERSION = YES;
				CLANG_WARN_INFINITE_RECURSION = YES;
				CLANG_WARN_INT_CONVERSION = YES;
				CLANG_WARN_NON_LITERAL_NULL_CONVERSION = YES;
				CLANG_WARN_OBJC_IMPLICIT_RETAIN_SELF = YES;
				CLANG_WARN_OBJC_LITERAL_CONVERSION = YES;
				CLANG_WARN_OBJC_ROOT_CLASS = YES_ERROR;
				CLANG_WARN_RANGE_LOOP_ANALYSIS = YES;
				CLANG_WARN_STRICT_PROTOTYPES = YES;
				CLANG_WARN_SUSPICIOUS_MOVE = YES;
				CLANG_WARN_UNGUARDED_AVAILABILITY = YES_AGGRESSIVE;
				CLANG_WARN_UNREACHABLE_CODE = YES;
				CLANG_WARN__DUPLICATE_METHOD_MATCH = YES;
				CODE_SIGN_IDENTITY = "iPhone Developer";
				COPY_PHASE_STRIP = NO;
				CURRENT_PROJECT_VERSION = 1;
				DEBUG_INFORMATION_FORMAT = "dwarf-with-dsym";
				ENABLE_NS_ASSERTIONS = NO;
				ENABLE_STRICT_OBJC_MSGSEND = YES;
				GCC_C_LANGUAGE_STANDARD = gnu11;
				GCC_NO_COMMON_BLOCKS = YES;
				GCC_WARN_64_TO_32_BIT_CONVERSION = YES;
				GCC_WARN_ABOUT_RETURN_TYPE = YES_ERROR;
				GCC_WARN_UNDECLARED_SELECTOR = YES;
				GCC_WARN_UNINITIALIZED_AUTOS = YES_AGGRESSIVE;
				GCC_WARN_UNUSED_FUNCTION = YES;
				GCC_WARN_UNUSED_VARIABLE = YES;
				IPHONEOS_DEPLOYMENT_TARGET = 11.4;
				MTL_ENABLE_DEBUG_INFO = NO;
				SDKROOT = iphoneos;
				SWIFT_COMPILATION_MODE = wholemodule;
				SWIFT_OPTIMIZATION_LEVEL = "-O";
				VALIDATE_PRODUCT = YES;
				VERSIONING_SYSTEM = "apple-generic";
				VERSION_INFO_PREFIX = "";
			};
			name = Release;
		};
		05005A4E2136188E00B1BB1B /* Debug */ = {
			isa = XCBuildConfiguration;
			buildSettings = {
				CLANG_ENABLE_MODULES = YES;
				CODE_SIGN_IDENTITY = "";
				CODE_SIGN_STYLE = Automatic;
				DEFINES_MODULE = YES;
				DYLIB_COMPATIBILITY_VERSION = 1;
				DYLIB_CURRENT_VERSION = 1;
				DYLIB_INSTALL_NAME_BASE = "@rpath";
				INFOPLIST_FILE = BytePush/Info.plist;
				INSTALL_PATH = "$(LOCAL_LIBRARY_DIR)/Frameworks";
				LD_RUNPATH_SEARCH_PATHS = (
					"$(inherited)",
					"@executable_path/Frameworks",
					"@loader_path/Frameworks",
				);
				PRODUCT_BUNDLE_IDENTIFIER = com.jonathanmonreal.BytePush;
				PRODUCT_NAME = "$(TARGET_NAME:c99extidentifier)";
				SKIP_INSTALL = YES;
				SWIFT_OPTIMIZATION_LEVEL = "-Onone";
				SWIFT_VERSION = 4.0;
				TARGETED_DEVICE_FAMILY = "1,2";
			};
			name = Debug;
		};
		05005A4F2136188E00B1BB1B /* Release */ = {
			isa = XCBuildConfiguration;
			buildSettings = {
				CLANG_ENABLE_MODULES = YES;
				CODE_SIGN_IDENTITY = "";
				CODE_SIGN_STYLE = Automatic;
				DEFINES_MODULE = YES;
				DYLIB_COMPATIBILITY_VERSION = 1;
				DYLIB_CURRENT_VERSION = 1;
				DYLIB_INSTALL_NAME_BASE = "@rpath";
				INFOPLIST_FILE = BytePush/Info.plist;
				INSTALL_PATH = "$(LOCAL_LIBRARY_DIR)/Frameworks";
				LD_RUNPATH_SEARCH_PATHS = (
					"$(inherited)",
					"@executable_path/Frameworks",
					"@loader_path/Frameworks",
				);
				PRODUCT_BUNDLE_IDENTIFIER = com.jonathanmonreal.BytePush;
				PRODUCT_NAME = "$(TARGET_NAME:c99extidentifier)";
				SKIP_INSTALL = YES;
				SWIFT_VERSION = 4.0;
				TARGETED_DEVICE_FAMILY = "1,2";
			};
			name = Release;
		};
		05005A512136188E00B1BB1B /* Debug */ = {
			isa = XCBuildConfiguration;
			buildSettings = {
				ALWAYS_EMBED_SWIFT_STANDARD_LIBRARIES = YES;
				CODE_SIGN_STYLE = Automatic;
				INFOPLIST_FILE = BytePushTests/Info.plist;
				LD_RUNPATH_SEARCH_PATHS = (
					"$(inherited)",
					"@executable_path/Frameworks",
					"@loader_path/Frameworks",
				);
				PRODUCT_BUNDLE_IDENTIFIER = com.jonathanmonreal.BytePushTests;
				PRODUCT_NAME = "$(TARGET_NAME)";
				SWIFT_VERSION = 4.0;
				TARGETED_DEVICE_FAMILY = "1,2";
			};
			name = Debug;
		};
		05005A522136188E00B1BB1B /* Release */ = {
			isa = XCBuildConfiguration;
			buildSettings = {
				ALWAYS_EMBED_SWIFT_STANDARD_LIBRARIES = YES;
				CODE_SIGN_STYLE = Automatic;
				INFOPLIST_FILE = BytePushTests/Info.plist;
				LD_RUNPATH_SEARCH_PATHS = (
					"$(inherited)",
					"@executable_path/Frameworks",
					"@loader_path/Frameworks",
				);
				PRODUCT_BUNDLE_IDENTIFIER = com.jonathanmonreal.BytePushTests;
				PRODUCT_NAME = "$(TARGET_NAME)";
				SWIFT_VERSION = 4.0;
				TARGETED_DEVICE_FAMILY = "1,2";
			};
			name = Release;
		};
/* End XCBuildConfiguration section */

/* Begin XCConfigurationList section */
		05005A332136188D00B1BB1B /* Build configuration list for PBXProject "BytePush" */ = {
			isa = XCConfigurationList;
			buildConfigurations = (
				05005A4B2136188E00B1BB1B /* Debug */,
				05005A4C2136188E00B1BB1B /* Release */,
			);
			defaultConfigurationIsVisible = 0;
			defaultConfigurationName = Release;
		};
		05005A4D2136188E00B1BB1B /* Build configuration list for PBXNativeTarget "BytePush" */ = {
			isa = XCConfigurationList;
			buildConfigurations = (
				05005A4E2136188E00B1BB1B /* Debug */,
				05005A4F2136188E00B1BB1B /* Release */,
			);
			defaultConfigurationIsVisible = 0;
			defaultConfigurationName = Release;
		};
		05005A502136188E00B1BB1B /* Build configuration list for PBXNativeTarget "BytePushTests" */ = {
			isa = XCConfigurationList;
			buildConfigurations = (
				05005A512136188E00B1BB1B /* Debug */,
				05005A522136188E00B1BB1B /* Release */,
			);
			defaultConfigurationIsVisible = 0;
			defaultConfigurationName = Release;
		};
/* End XCConfigurationList section */
	};
	rootObject = 05005A302136188D00B1BB1B /* Project object */;
}
